{
  "name": "d6",
  "lockfileVersion": 2,
  "requires": true,
  "packages": {
    "": {
      "dependencies": {
        "chunk-array": "^1.0.2"
      }
    },
    "node_modules/chunk-array": {
      "version": "1.0.2",
      "resolved": "https://registry.npmjs.org/chunk-array/-/chunk-array-1.0.2.tgz",
      "integrity": "sha1-eCEf9VArxXtsdgQ9jMYGpEI7ee8="
    }
  },
  "dependencies": {
    "chunk-array": {
      "version": "1.0.2",
      "resolved": "https://registry.npmjs.org/chunk-array/-/chunk-array-1.0.2.tgz",
      "integrity": "sha1-eCEf9VArxXtsdgQ9jMYGpEI7ee8="
    }
  }
}
